// !$*UTF8*$!
{
	archiveVersion = 1;
	classes = {
	};
	objectVersion = 56;
	objects = {

/* Begin PBXBuildFile section */
		5256EBD129D58389000C8A65 /* AppDelegate.swift in Sources */ = {isa = PBXBuildFile; fileRef = 5256EBD029D58389000C8A65 /* AppDelegate.swift */; };
		5256EBD329D58389000C8A65 /* SceneDelegate.swift in Sources */ = {isa = PBXBuildFile; fileRef = 5256EBD229D58389000C8A65 /* SceneDelegate.swift */; };
		5256EBD529D58389000C8A65 /* ViewController.swift in Sources */ = {isa = PBXBuildFile; fileRef = 5256EBD429D58389000C8A65 /* ViewController.swift */; };
		5256EBD829D58389000C8A65 /* Main.storyboard in Resources */ = {isa = PBXBuildFile; fileRef = 5256EBD629D58389000C8A65 /* Main.storyboard */; };
		5256EBDA29D5838A000C8A65 /* Assets.xcassets in Resources */ = {isa = PBXBuildFile; fileRef = 5256EBD929D5838A000C8A65 /* Assets.xcassets */; };
		5256EBDD29D5838A000C8A65 /* LaunchScreen.storyboard in Resources */ = {isa = PBXBuildFile; fileRef = 5256EBDB29D5838A000C8A65 /* LaunchScreen.storyboard */; };
		5256EBE829D590F5000C8A65 /* TableViewCell.swift in Sources */ = {isa = PBXBuildFile; fileRef = 5256EBE629D590F5000C8A65 /* TableViewCell.swift */; };
		5256EBE929D590F5000C8A65 /* TableViewCell.xib in Resources */ = {isa = PBXBuildFile; fileRef = 5256EBE729D590F5000C8A65 /* TableViewCell.xib */; };
		5256EBEB29D67846000C8A65 /* Model.swift in Sources */ = {isa = PBXBuildFile; fileRef = 5256EBEA29D67846000C8A65 /* Model.swift */; };
		5256EBED29D67BB8000C8A65 /* noti.json in Resources */ = {isa = PBXBuildFile; fileRef = 5256EBEC29D67BB8000C8A65 /* noti.json */; };
/* End PBXBuildFile section */

/* Begin PBXFileReference section */
		5256EBCD29D58389000C8A65 /* NotificationFeed.app */ = {isa = PBXFileReference; explicitFileType = wrapper.application; includeInIndex = 0; path = NotificationFeed.app; sourceTree = BUILT_PRODUCTS_DIR; };
		5256EBD029D58389000C8A65 /* AppDelegate.swift */ = {isa = PBXFileReference; lastKnownFileType = sourcecode.swift; path = AppDelegate.swift; sourceTree = "<group>"; };
		5256EBD229D58389000C8A65 /* SceneDelegate.swift */ = {isa = PBXFileReference; lastKnownFileType = sourcecode.swift; path = SceneDelegate.swift; sourceTree = "<group>"; };
		5256EBD429D58389000C8A65 /* ViewController.swift */ = {isa = PBXFileReference; lastKnownFileType = sourcecode.swift; path = ViewController.swift; sourceTree = "<group>"; };
		5256EBD729D58389000C8A65 /* Base */ = {isa = PBXFileReference; lastKnownFileType = file.storyboard; name = Base; path = Base.lproj/Main.storyboard; sourceTree = "<group>"; };
		5256EBD929D5838A000C8A65 /* Assets.xcassets */ = {isa = PBXFileReference; lastKnownFileType = folder.assetcatalog; path = Assets.xcassets; sourceTree = "<group>"; };
		5256EBDC29D5838A000C8A65 /* Base */ = {isa = PBXFileReference; lastKnownFileType = file.storyboard; name = Base; path = Base.lproj/LaunchScreen.storyboard; sourceTree = "<group>"; };
		5256EBDE29D5838A000C8A65 /* Info.plist */ = {isa = PBXFileReference; lastKnownFileType = text.plist.xml; path = Info.plist; sourceTree = "<group>"; };
		5256EBE629D590F5000C8A65 /* TableViewCell.swift */ = {isa = PBXFileReference; lastKnownFileType = sourcecode.swift; path = TableViewCell.swift; sourceTree = "<group>"; };
		5256EBE729D590F5000C8A65 /* TableViewCell.xib */ = {isa = PBXFileReference; lastKnownFileType = file.xib; path = TableViewCell.xib; sourceTree = "<group>"; };
		5256EBEA29D67846000C8A65 /* Model.swift */ = {isa = PBXFileReference; lastKnownFileType = sourcecode.swift; path = Model.swift; sourceTree = "<group>"; };
		5256EBEC29D67BB8000C8A65 /* noti.json */ = {isa = PBXFileReference; fileEncoding = 4; lastKnownFileType = text.json; name = noti.json; path = ../../../Downloads/noti.json; sourceTree = "<group>"; };
/* End PBXFileReference section */

/* Begin PBXFrameworksBuildPhase section */
		5256EBCA29D58389000C8A65 /* Frameworks */ = {
			isa = PBXFrameworksBuildPhase;
			buildActionMask = 2147483647;
			files = (
			);
			runOnlyForDeploymentPostprocessing = 0;
		};
/* End PBXFrameworksBuildPhase section */

/* Begin PBXGroup section */
		5256EBC429D58389000C8A65 = {
			isa = PBXGroup;
			children = (
				5256EBCF29D58389000C8A65 /* NotificationFeed */,
				5256EBCE29D58389000C8A65 /* Products */,
			);
			sourceTree = "<group>";
		};
		5256EBCE29D58389000C8A65 /* Products */ = {
			isa = PBXGroup;
			children = (
				5256EBCD29D58389000C8A65 /* NotificationFeed.app */,
			);
			name = Products;
			sourceTree = "<group>";
		};
		5256EBCF29D58389000C8A65 /* NotificationFeed */ = {
			isa = PBXGroup;
			children = (
				5256EBEC29D67BB8000C8A65 /* noti.json */,
				5256EBD029D58389000C8A65 /* AppDelegate.swift */,
				5256EBD229D58389000C8A65 /* SceneDelegate.swift */,
				5256EBD429D58389000C8A65 /* ViewController.swift */,
				5256EBE629D590F5000C8A65 /* TableViewCell.swift */,
				5256EBEA29D67846000C8A65 /* Model.swift */,
				5256EBD629D58389000C8A65 /* Main.storyboard */,
				5256EBE729D590F5000C8A65 /* TableViewCell.xib */,
				5256EBDB29D5838A000C8A65 /* LaunchScreen.storyboard */,
				5256EBD929D5838A000C8A65 /* Assets.xcassets */,
				5256EBDE29D5838A000C8A65 /* Info.plist */,
			);
			path = NotificationFeed;
			sourceTree = "<group>";
		};
/* End PBXGroup section */

/* Begin PBXNativeTarget section */
		5256EBCC29D58389000C8A65 /* NotificationFeed */ = {
			isa = PBXNativeTarget;
			buildConfigurationList = 5256EBE129D5838A000C8A65 /* Build configuration list for PBXNativeTarget "NotificationFeed" */;
			buildPhases = (
				5256EBC929D58389000C8A65 /* Sources */,
				5256EBCA29D58389000C8A65 /* Frameworks */,
				5256EBCB29D58389000C8A65 /* Resources */,
			);
			buildRules = (
			);
			dependencies = (
			);
			name = NotificationFeed;
			productName = NotificationFeed;
			productReference = 5256EBCD29D58389000C8A65 /* NotificationFeed.app */;
			productType = "com.apple.product-type.application";
		};
/* End PBXNativeTarget section */

/* Begin PBXProject section */
		5256EBC529D58389000C8A65 /* Project object */ = {
			isa = PBXProject;
			attributes = {
				BuildIndependentTargetsInParallel = 1;
				LastSwiftUpdateCheck = 1420;
				LastUpgradeCheck = 1420;
				TargetAttributes = {
					5256EBCC29D58389000C8A65 = {
						CreatedOnToolsVersion = 14.2;
					};
				};
			};
			buildConfigurationList = 5256EBC829D58389000C8A65 /* Build configuration list for PBXProject "NotificationFeed" */;
			compatibilityVersion = "Xcode 14.0";
			developmentRegion = en;
			hasScannedForEncodings = 0;
			knownRegions = (
				en,
				Base,
			);
			mainGroup = 5256EBC429D58389000C8A65;
			productRefGroup = 5256EBCE29D58389000C8A65 /* Products */;
			projectDirPath = "";
			projectRoot = "";
			targets = (
				5256EBCC29D58389000C8A65 /* NotificationFeed */,
			);
		};
/* End PBXProject section */

/* Begin PBXResourcesBuildPhase section */
		5256EBCB29D58389000C8A65 /* Resources */ = {
			isa = PBXResourcesBuildPhase;
			buildActionMask = 2147483647;
			files = (
				5256EBDD29D5838A000C8A65 /* LaunchScreen.storyboard in Resources */,
				5256EBED29D67BB8000C8A65 /* noti.json in Resources */,
				5256EBE929D590F5000C8A65 /* TableViewCell.xib in Resources */,
				5256EBDA29D5838A000C8A65 /* Assets.xcassets in Resources */,
				5256EBD829D58389000C8A65 /* Main.storyboard in Resources */,
			);
			runOnlyForDeploymentPostprocessing = 0;
		};
/* End PBXResourcesBuildPhase section */

/* Begin PBXSourcesBuildPhase section */
		5256EBC929D58389000C8A65 /* Sources */ = {
			isa = PBXSourcesBuildPhase;
			buildActionMask = 2147483647;
			files = (
				5256EBD529D58389000C8A65 /* ViewController.swift in Sources */,
				5256EBEB29D67846000C8A65 /* Model.swift in Sources */,
				5256EBE829D590F5000C8A65 /* TableViewCell.swift in Sources */,
				5256EBD129D58389000C8A65 /* AppDelegate.swift in Sources */,
				5256EBD329D58389000C8A65 /* SceneDelegate.swift in Sources */,
			);
			runOnlyForDeploymentPostprocessing = 0;
		};
/* End PBXSourcesBuildPhase section */

/* Begin PBXVariantGroup section */
		5256EBD629D58389000C8A65 /* Main.storyboard */ = {
			isa = PBXVariantGroup;
			children = (
				5256EBD729D58389000C8A65 /* Base */,
			);
			name = Main.storyboard;
			sourceTree = "<group>";
		};
		5256EBDB29D5838A000C8A65 /* LaunchScreen.storyboard */ = {
			isa = PBXVariantGroup;
			children = (
				5256EBDC29D5838A000C8A65 /* Base */,
			);
			name = LaunchScreen.storyboard;
			sourceTree = "<group>";
		};
/* End PBXVariantGroup section */

/* Begin XCBuildConfiguration section */
		5256EBDF29D5838A000C8A65 /* Debug */ = {
			isa = XCBuildConfiguration;
			buildSettings = {
				ALWAYS_SEARCH_USER_PATHS = NO;
				CLANG_ANALYZER_NONNULL = YES;
				CLANG_ANALYZER_NUMBER_OBJECT_CONVERSION = YES_AGGRESSIVE;
				CLANG_CXX_LANGUAGE_STANDARD = "gnu++20";
				CLANG_ENABLE_MODULES = YES;
				CLANG_ENABLE_OBJC_ARC = YES;
				CLANG_ENABLE_OBJC_WEAK = YES;
				CLANG_WARN_BLOCK_CAPTURE_AUTORELEASING = YES;
				CLANG_WARN_BOOL_CONVERSION = YES;
				CLANG_WARN_COMMA = YES;
				CLANG_WARN_CONSTANT_CONVERSION = YES;
				CLANG_WARN_DEPRECATED_OBJC_IMPLEMENTATIONS = YES;
				CLANG_WARN_DIRECT_OBJC_ISA_USAGE = YES_ERROR;
				CLANG_WARN_DOCUMENTATION_COMMENTS = YES;
				CLANG_WARN_EMPTY_BODY = YES;
				CLANG_WARN_ENUM_CONVERSION = YES;
				CLANG_WARN_INFINITE_RECURSION = YES;
				CLANG_WARN_INT_CONVERSION = YES;
				CLANG_WARN_NON_LITERAL_NULL_CONVERSION = YES;
				CLANG_WARN_OBJC_IMPLICIT_RETAIN_SELF = YES;
				CLANG_WARN_OBJC_LITERAL_CONVERSION = YES;
				CLANG_WARN_OBJC_ROOT_CLASS = YES_ERROR;
				CLANG_WARN_QUOTED_INCLUDE_IN_FRAMEWORK_HEADER = YES;
				CLANG_WARN_RANGE_LOOP_ANALYSIS = YES;
				CLANG_WARN_STRICT_PROTOTYPES = YES;
				CLANG_WARN_SUSPICIOUS_MOVE = YES;
				CLANG_WARN_UNGUARDED_AVAILABILITY = YES_AGGRESSIVE;
				CLANG_WARN_UNREACHABLE_CODE = YES;
				CLANG_WARN__DUPLICATE_METHOD_MATCH = YES;
				COPY_PHASE_STRIP = NO;
				DEBUG_INFORMATION_FORMAT = dwarf;
				ENABLE_STRICT_OBJC_MSGSEND = YES;
				ENABLE_TESTABILITY = YES;
				GCC_C_LANGUAGE_STANDARD = gnu11;
				GCC_DYNAMIC_NO_PIC = NO;
				GCC_NO_COMMON_BLOCKS = YES;
				GCC_OPTIMIZATION_LEVEL = 0;
				GCC_PREPROCESSOR_DEFINITIONS = (
					"DEBUG=1",
					"$(inherited)",
				);
				GCC_WARN_64_TO_32_BIT_CONVERSION = YES;
				GCC_WARN_ABOUT_RETURN_TYPE = YES_ERROR;
				GCC_WARN_UNDECLARED_SELECTOR = YES;
				GCC_WARN_UNINITIALIZED_AUTOS = YES_AGGRESSIVE;
				GCC_WARN_UNUSED_FUNCTION = YES;
				GCC_WARN_UNUSED_VARIABLE = YES;
				IPHONEOS_DEPLOYMENT_TARGET = 16.2;
				MTL_ENABLE_DEBUG_INFO = INCLUDE_SOURCE;
				MTL_FAST_MATH = YES;
				ONLY_ACTIVE_ARCH = YES;
				SDKROOT = iphoneos;
				SWIFT_ACTIVE_COMPILATION_CONDITIONS = DEBUG;
				SWIFT_OPTIMIZATION_LEVEL = "-Onone";
			};
			name = Debug;
		};
		5256EBE029D5838A000C8A65 /* Release */ = {
			isa = XCBuildConfiguration;
			buildSettings = {
				ALWAYS_SEARCH_USER_PATHS = NO;
				CLANG_ANALYZER_NONNULL = YES;
				CLANG_ANALYZER_NUMBER_OBJECT_CONVERSION = YES_AGGRESSIVE;
				CLANG_CXX_LANGUAGE_STANDARD = "gnu++20";
				CLANG_ENABLE_MODULES = YES;
				CLANG_ENABLE_OBJC_ARC = YES;
				CLANG_ENABLE_OBJC_WEAK = YES;
				CLANG_WARN_BLOCK_CAPTURE_AUTORELEASING = YES;
				CLANG_WARN_BOOL_CONVERSION = YES;
				CLANG_WARN_COMMA = YES;
				CLANG_WARN_CONSTANT_CONVERSION = YES;
				CLANG_WARN_DEPRECATED_OBJC_IMPLEMENTATIONS = YES;
				CLANG_WARN_DIRECT_OBJC_ISA_USAGE = YES_ERROR;
				CLANG_WARN_DOCUMENTATION_COMMENTS = YES;
				CLANG_WARN_EMPTY_BODY = YES;
				CLANG_WARN_ENUM_CONVERSION = YES;
				CLANG_WARN_INFINITE_RECURSION = YES;
				CLANG_WARN_INT_CONVERSION = YES;
				CLANG_WARN_NON_LITERAL_NULL_CONVERSION = YES;
				CLANG_WARN_OBJC_IMPLICIT_RETAIN_SELF = YES;
				CLANG_WARN_OBJC_LITERAL_CONVERSION = YES;
				CLANG_WARN_OBJC_ROOT_CLASS = YES_ERROR;
				CLANG_WARN_QUOTED_INCLUDE_IN_FRAMEWORK_HEADER = YES;
				CLANG_WARN_RANGE_LOOP_ANALYSIS = YES;
				CLANG_WARN_STRICT_PROTOTYPES = YES;
				CLANG_WARN_SUSPICIOUS_MOVE = YES;
				CLANG_WARN_UNGUARDED_AVAILABILITY = YES_AGGRESSIVE;
				CLANG_WARN_UNREACHABLE_CODE = YES;
				CLANG_WARN__DUPLICATE_METHOD_MATCH = YES;
				COPY_PHASE_STRIP = NO;
				DEBUG_INFORMATION_FORMAT = "dwarf-with-dsym";
				ENABLE_NS_ASSERTIONS = NO;
				ENABLE_STRICT_OBJC_MSGSEND = YES;
				GCC_C_LANGUAGE_STANDARD = gnu11;
				GCC_NO_COMMON_BLOCKS = YES;
				GCC_WARN_64_TO_32_BIT_CONVERSION = YES;
				GCC_WARN_ABOUT_RETURN_TYPE = YES_ERROR;
				GCC_WARN_UNDECLARED_SELECTOR = YES;
				GCC_WARN_UNINITIALIZED_AUTOS = YES_AGGRESSIVE;
				GCC_WARN_UNUSED_FUNCTION = YES;
				GCC_WARN_UNUSED_VARIABLE = YES;
				IPHONEOS_DEPLOYMENT_TARGET = 16.2;
				MTL_ENABLE_DEBUG_INFO = NO;
				MTL_FAST_MATH = YES;
				SDKROOT = iphoneos;
				SWIFT_COMPILATION_MODE = wholemodule;
				SWIFT_OPTIMIZATION_LEVEL = "-O";
				VALIDATE_PRODUCT = YES;
			};
			name = Release;
		};
		5256EBE229D5838A000C8A65 /* Debug */ = {
			isa = XCBuildConfiguration;
			buildSettings = {
				ASSETCATALOG_COMPILER_APPICON_NAME = AppIcon;
				ASSETCATALOG_COMPILER_GLOBAL_ACCENT_COLOR_NAME = AccentColor;
				CODE_SIGN_STYLE = Automatic;
				CURRENT_PROJECT_VERSION = 1;
				DEVELOPMENT_TEAM = B5ABBL63CZ;
				GENERATE_INFOPLIST_FILE = YES;
				INFOPLIST_FILE = NotificationFeed/Info.plist;
				INFOPLIST_KEY_UIApplicationSupportsIndirectInputEvents = YES;
				INFOPLIST_KEY_UILaunchStoryboardName = LaunchScreen;
				INFOPLIST_KEY_UIMainStoryboardFile = Main;
				INFOPLIST_KEY_UISupportedInterfaceOrientations_iPad = "UIInterfaceOrientationPortrait UIInterfaceOrientationPortraitUpsideDown UIInterfaceOrientationLandscapeLeft UIInterfaceOrientationLandscapeRight";
				INFOPLIST_KEY_UISupportedInterfaceOrientations_iPhone = "UIInterfaceOrientationPortrait UIInterfaceOrientationLandscapeLeft UIInterfaceOrientationLandscapeRight";
				IPHONEOS_DEPLOYMENT_TARGET = 16.2;
				LD_RUNPATH_SEARCH_PATHS = (
					"$(inherited)",
					"@executable_path/Frameworks",
				);
				MARKETING_VERSION = 1.0;
				PRODUCT_BUNDLE_IDENTIFIER = com.longtran.NotificationFeed;
				PRODUCT_NAME = "$(TARGET_NAME)";
				SWIFT_EMIT_LOC_STRINGS = YES;
				SWIFT_VERSION = 5.0;
				TARGETED_DEVICE_FAMILY = "1,2";
			};
			name = Debug;
		};
		5256EBE329D5838A000C8A65 /* Release */ = {
			isa = XCBuildConfiguration;
			buildSettings = {
				ASSETCATALOG_COMPILER_APPICON_NAME = AppIcon;
				ASSETCATALOG_COMPILER_GLOBAL_ACCENT_COLOR_NAME = AccentColor;
				CODE_SIGN_STYLE = Automatic;
				CURRENT_PROJECT_VERSION = 1;
				DEVELOPMENT_TEAM = B5ABBL63CZ;
				GENERATE_INFOPLIST_FILE = YES;
				INFOPLIST_FILE = NotificationFeed/Info.plist;
				INFOPLIST_KEY_UIApplicationSupportsIndirectInputEvents = YES;
				INFOPLIST_KEY_UILaunchStoryboardName = LaunchScreen;
				INFOPLIST_KEY_UIMainStoryboardFile = Main;
				INFOPLIST_KEY_UISupportedInterfaceOrientations_iPad = "UIInterfaceOrientationPortrait UIInterfaceOrientationPortraitUpsideDown UIInterfaceOrientationLandscapeLeft UIInterfaceOrientationLandscapeRight";
				INFOPLIST_KEY_UISupportedInterfaceOrientations_iPhone = "UIInterfaceOrientationPortrait UIInterfaceOrientationLandscapeLeft UIInterfaceOrientationLandscapeRight";
				IPHONEOS_DEPLOYMENT_TARGET = 16.2;
				LD_RUNPATH_SEARCH_PATHS = (
					"$(inherited)",
					"@executable_path/Frameworks",
				);
				MARKETING_VERSION = 1.0;
				PRODUCT_BUNDLE_IDENTIFIER = com.longtran.NotificationFeed;
				PRODUCT_NAME = "$(TARGET_NAME)";
				SWIFT_EMIT_LOC_STRINGS = YES;
				SWIFT_VERSION = 5.0;
				TARGETED_DEVICE_FAMILY = "1,2";
			};
			name = Release;
		};
/* End XCBuildConfiguration section */

/* Begin XCConfigurationList section */
		5256EBC829D58389000C8A65 /* Build configuration list for PBXProject "NotificationFeed" */ = {
			isa = XCConfigurationList;
			buildConfigurations = (
				5256EBDF29D5838A000C8A65 /* Debug */,
				5256EBE029D5838A000C8A65 /* Release */,
			);
			defaultConfigurationIsVisible = 0;
			defaultConfigurationName = Release;
		};
		5256EBE129D5838A000C8A65 /* Build configuration list for PBXNativeTarget "NotificationFeed" */ = {
			isa = XCConfigurationList;
			buildConfigurations = (
				5256EBE229D5838A000C8A65 /* Debug */,
				5256EBE329D5838A000C8A65 /* Release */,
			);
			defaultConfigurationIsVisible = 0;
			defaultConfigurationName = Release;
		};
/* End XCConfigurationList section */
	};
	rootObject = 5256EBC529D58389000C8A65 /* Project object */;
}
